
Microsoft Visual Studio Solution File, Format Version 12.00
# Visual Studio Version 16
VisualStudioVersion = 16.0.31402.337
MinimumVisualStudioVersion = 10.0.40219.1
Project("{FAE04EC0-301F-11D3-BF4B-00C04F79EFBC}") = "UsePrismApp", "UsePrismApp\UsePrismApp.csproj", "{61AEF486-94DB-4651-97E4-6C6C7E28B4BB}"
EndProject
Project("{FAE04EC0-301F-11D3-BF4B-00C04F79EFBC}") = "UnitTestProject1", "UnitTestProject1\UnitTestProject1.csproj", "{D0BC35C6-F6DE-40F9-AEBF-E6D88FA17473}"
EndProject
Global
	GlobalSection(SolutionConfigurationPlatforms) = preSolution
		Debug|Any CPU = Debug|Any CPU
		Release|Any CPU = Release|Any CPU
	EndGlobalSection
	GlobalSection(ProjectConfigurationPlatforms) = postSolution
		{61AEF486-94DB-4651-97E4-6C6C7E28B4BB}.Debug|Any CPU.ActiveCfg = Debug|Any CPU
		{61AEF486-94DB-4651-97E4-6C6C7E28B4BB}.Debug|Any CPU.Build.0 = Debug|Any CPU
		{61AEF486-94DB-4651-97E4-6C6C7E28B4BB}.Release|Any CPU.ActiveCfg = Release|Any CPU
		{61AEF486-94DB-4651-97E4-6C6C7E28B4BB}.Release|Any CPU.Build.0 = Release|Any CPU
		{D0BC35C6-F6DE-40F9-AEBF-E6D88FA17473}.Debug|Any CPU.ActiveCfg = Debug|Any CPU
		{D0BC35C6-F6DE-40F9-AEBF-E6D88FA17473}.Debug|Any CPU.Build.0 = Debug|Any CPU
		{D0BC35C6-F6DE-40F9-AEBF-E6D88FA17473}.Release|Any CPU.ActiveCfg = Release|Any CPU
		{D0BC35C6-F6DE-40F9-AEBF-E6D88FA17473}.Release|Any CPU.Build.0 = Release|Any CPU
	EndGlobalSection
	GlobalSection(SolutionProperties) = preSolution
		HideSolutionNode = FALSE
	EndGlobalSection
	GlobalSection(ExtensibilityGlobals) = postSolution
		SolutionGuid = {BBD38C95-79B2-4D55-B40E-F529446BE194}
	EndGlobalSection
EndGlobal
